// !$*UTF8*$!
{
	archiveVersion = 1;
	classes = {
	};
	objectVersion = 46;
	objects = {

/* Begin PBXBuildFile section */
		EA388AD31A68C24600F69C67 /* main.m in Sources */ = {isa = PBXBuildFile; fileRef = EA388AD21A68C24600F69C67 /* main.m */; };
		EA388AD61A68C24600F69C67 /* AppDelegate.m in Sources */ = {isa = PBXBuildFile; fileRef = EA388AD51A68C24600F69C67 /* AppDelegate.m */; };
		EA388AD91A68C24600F69C67 /* ViewController.m in Sources */ = {isa = PBXBuildFile; fileRef = EA388AD81A68C24600F69C67 /* ViewController.m */; };
		EA388ADC1A68C24600F69C67 /* Main.storyboard in Resources */ = {isa = PBXBuildFile; fileRef = EA388ADA1A68C24600F69C67 /* Main.storyboard */; };
		EA388ADE1A68C24600F69C67 /* Images.xcassets in Resources */ = {isa = PBXBuildFile; fileRef = EA388ADD1A68C24600F69C67 /* Images.xcassets */; };
		EA388AE11A68C24600F69C67 /* LaunchScreen.xib in Resources */ = {isa = PBXBuildFile; fileRef = EA388ADF1A68C24600F69C67 /* LaunchScreen.xib */; };
		EA388AED1A68C24600F69C67 /* App_BaseTests.m in Sources */ = {isa = PBXBuildFile; fileRef = EA388AEC1A68C24600F69C67 /* App_BaseTests.m */; };
/* End PBXBuildFile section */

/* Begin PBXContainerItemProxy section */
		EA388AE71A68C24600F69C67 /* PBXContainerItemProxy */ = {
			isa = PBXContainerItemProxy;
			containerPortal = EA388AC51A68C24600F69C67 /* Project object */;
			proxyType = 1;
			remoteGlobalIDString = EA388ACC1A68C24600F69C67;
			remoteInfo = "App-Base";
		};
/* End PBXContainerItemProxy section */

/* Begin PBXFileReference section */
		EA388ACD1A68C24600F69C67 /* App-Base.app */ = {isa = PBXFileReference; explicitFileType = wrapper.application; includeInIndex = 0; path = "App-Base.app"; sourceTree = BUILT_PRODUCTS_DIR; };
		EA388AD11A68C24600F69C67 /* Info.plist */ = {isa = PBXFileReference; lastKnownFileType = text.plist.xml; path = Info.plist; sourceTree = "<group>"; };
		EA388AD21A68C24600F69C67 /* main.m */ = {isa = PBXFileReference; lastKnownFileType = sourcecode.c.objc; path = main.m; sourceTree = "<group>"; };
		EA388AD41A68C24600F69C67 /* AppDelegate.h */ = {isa = PBXFileReference; lastKnownFileType = sourcecode.c.h; path = AppDelegate.h; sourceTree = "<group>"; };
		EA388AD51A68C24600F69C67 /* AppDelegate.m */ = {isa = PBXFileReference; lastKnownFileType = sourcecode.c.objc; path = AppDelegate.m; sourceTree = "<group>"; };
		EA388AD71A68C24600F69C67 /* ViewController.h */ = {isa = PBXFileReference; lastKnownFileType = sourcecode.c.h; path = ViewController.h; sourceTree = "<group>"; };
		EA388AD81A68C24600F69C67 /* ViewController.m */ = {isa = PBXFileReference; lastKnownFileType = sourcecode.c.objc; path = ViewController.m; sourceTree = "<group>"; };
		EA388ADB1A68C24600F69C67 /* Base */ = {isa = PBXFileReference; lastKnownFileType = file.storyboard; name = Base; path = Base.lproj/Main.storyboard; sourceTree = "<group>"; };
		EA388ADD1A68C24600F69C67 /* Images.xcassets */ = {isa = PBXFileReference; lastKnownFileType = folder.assetcatalog; path = Images.xcassets; sourceTree = "<group>"; };
		EA388AE01A68C24600F69C67 /* Base */ = {isa = PBXFileReference; lastKnownFileType = file.xib; name = Base; path = Base.lproj/LaunchScreen.xib; sourceTree = "<group>"; };
		EA388AE61A68C24600F69C67 /* App-BaseTests.xctest */ = {isa = PBXFileReference; explicitFileType = wrapper.cfbundle; includeInIndex = 0; path = "App-BaseTests.xctest"; sourceTree = BUILT_PRODUCTS_DIR; };
		EA388AEB1A68C24600F69C67 /* Info.plist */ = {isa = PBXFileReference; lastKnownFileType = text.plist.xml; path = Info.plist; sourceTree = "<group>"; };
		EA388AEC1A68C24600F69C67 /* App_BaseTests.m */ = {isa = PBXFileReference; lastKnownFileType = sourcecode.c.objc; path = App_BaseTests.m; sourceTree = "<group>"; };
/* End PBXFileReference section */

/* Begin PBXFrameworksBuildPhase section */
		EA388ACA1A68C24600F69C67 /* Frameworks */ = {
			isa = PBXFrameworksBuildPhase;
			buildActionMask = 2147483647;
			files = (
			);
			runOnlyForDeploymentPostprocessing = 0;
		};
		EA388AE31A68C24600F69C67 /* Frameworks */ = {
			isa = PBXFrameworksBuildPhase;
			buildActionMask = 2147483647;
			files = (
			);
			runOnlyForDeploymentPostprocessing = 0;
		};
/* End PBXFrameworksBuildPhase section */

/* Begin PBXGroup section */
		EA388AC41A68C24600F69C67 = {
			isa = PBXGroup;
			children = (
				EA388ACF1A68C24600F69C67 /* App-Base */,
				EA388AE91A68C24600F69C67 /* App-BaseTests */,
				EA388ACE1A68C24600F69C67 /* Products */,
			);
			sourceTree = "<group>";
		};
		EA388ACE1A68C24600F69C67 /* Products */ = {
			isa = PBXGroup;
			children = (
				EA388ACD1A68C24600F69C67 /* App-Base.app */,
				EA388AE61A68C24600F69C67 /* App-BaseTests.xctest */,
			);
			name = Products;
			sourceTree = "<group>";
		};
		EA388ACF1A68C24600F69C67 /* App-Base */ = {
			isa = PBXGroup;
			children = (
				EA388AD41A68C24600F69C67 /* AppDelegate.h */,
				EA388AD51A68C24600F69C67 /* AppDelegate.m */,
				EA388AD71A68C24600F69C67 /* ViewController.h */,
				EA388AD81A68C24600F69C67 /* ViewController.m */,
				EA388ADA1A68C24600F69C67 /* Main.storyboard */,
				EA388ADD1A68C24600F69C67 /* Images.xcassets */,
				EA388ADF1A68C24600F69C67 /* LaunchScreen.xib */,
				EA388AD01A68C24600F69C67 /* Supporting Files */,
			);
			path = "App-Base";
			sourceTree = "<group>";
		};
		EA388AD01A68C24600F69C67 /* Supporting Files */ = {
			isa = PBXGroup;
			children = (
				EA388AD11A68C24600F69C67 /* Info.plist */,
				EA388AD21A68C24600F69C67 /* main.m */,
			);
			name = "Supporting Files";
			sourceTree = "<group>";
		};
		EA388AE91A68C24600F69C67 /* App-BaseTests */ = {
			isa = PBXGroup;
			children = (
				EA388AEC1A68C24600F69C67 /* App_BaseTests.m */,
				EA388AEA1A68C24600F69C67 /* Supporting Files */,
			);
			path = "App-BaseTests";
			sourceTree = "<group>";
		};
		EA388AEA1A68C24600F69C67 /* Supporting Files */ = {
			isa = PBXGroup;
			children = (
				EA388AEB1A68C24600F69C67 /* Info.plist */,
			);
			name = "Supporting Files";
			sourceTree = "<group>";
		};
/* End PBXGroup section */

/* Begin PBXNativeTarget section */
		EA388ACC1A68C24600F69C67 /* App-Base */ = {
			isa = PBXNativeTarget;
			buildConfigurationList = EA388AF01A68C24600F69C67 /* Build configuration list for PBXNativeTarget "App-Base" */;
			buildPhases = (
				EA388AC91A68C24600F69C67 /* Sources */,
				EA388ACA1A68C24600F69C67 /* Frameworks */,
				EA388ACB1A68C24600F69C67 /* Resources */,
			);
			buildRules = (
			);
			dependencies = (
			);
			name = "App-Base";
			productName = "App-Base";
			productReference = EA388ACD1A68C24600F69C67 /* App-Base.app */;
			productType = "com.apple.product-type.application";
		};
		EA388AE51A68C24600F69C67 /* App-BaseTests */ = {
			isa = PBXNativeTarget;
			buildConfigurationList = EA388AF31A68C24600F69C67 /* Build configuration list for PBXNativeTarget "App-BaseTests" */;
			buildPhases = (
				EA388AE21A68C24600F69C67 /* Sources */,
				EA388AE31A68C24600F69C67 /* Frameworks */,
				EA388AE41A68C24600F69C67 /* Resources */,
			);
			buildRules = (
			);
			dependencies = (
				EA388AE81A68C24600F69C67 /* PBXTargetDependency */,
			);
			name = "App-BaseTests";
			productName = "App-BaseTests";
			productReference = EA388AE61A68C24600F69C67 /* App-BaseTests.xctest */;
			productType = "com.apple.product-type.bundle.unit-test";
		};
/* End PBXNativeTarget section */

/* Begin PBXProject section */
		EA388AC51A68C24600F69C67 /* Project object */ = {
			isa = PBXProject;
			attributes = {
				LastUpgradeCheck = 0620;
				ORGANIZATIONNAME = luowei;
				TargetAttributes = {
					EA388ACC1A68C24600F69C67 = {
						CreatedOnToolsVersion = 6.2;
					};
					EA388AE51A68C24600F69C67 = {
						CreatedOnToolsVersion = 6.2;
						TestTargetID = EA388ACC1A68C24600F69C67;
					};
				};
			};
			buildConfigurationList = EA388AC81A68C24600F69C67 /* Build configuration list for PBXProject "App-Base" */;
			compatibilityVersion = "Xcode 3.2";
			developmentRegion = English;
			hasScannedForEncodings = 0;
			knownRegions = (
				en,
				Base,
			);
			mainGroup = EA388AC41A68C24600F69C67;
			productRefGroup = EA388ACE1A68C24600F69C67 /* Products */;
			projectDirPath = "";
			projectRoot = "";
			targets = (
				EA388ACC1A68C24600F69C67 /* App-Base */,
				EA388AE51A68C24600F69C67 /* App-BaseTests */,
			);
		};
/* End PBXProject section */

/* Begin PBXResourcesBuildPhase section */
		EA388ACB1A68C24600F69C67 /* Resources */ = {
			isa = PBXResourcesBuildPhase;
			buildActionMask = 2147483647;
			files = (
				EA388ADC1A68C24600F69C67 /* Main.storyboard in Resources */,
				EA388AE11A68C24600F69C67 /* LaunchScreen.xib in Resources */,
				EA388ADE1A68C24600F69C67 /* Images.xcassets in Resources */,
			);
			runOnlyForDeploymentPostprocessing = 0;
		};
		EA388AE41A68C24600F69C67 /* Resources */ = {
			isa = PBXResourcesBuildPhase;
			buildActionMask = 2147483647;
			files = (
			);
			runOnlyForDeploymentPostprocessing = 0;
		};
/* End PBXResourcesBuildPhase section */

/* Begin PBXSourcesBuildPhase section */
		EA388AC91A68C24600F69C67 /* Sources */ = {
			isa = PBXSourcesBuildPhase;
			buildActionMask = 2147483647;
			files = (
				EA388AD91A68C24600F69C67 /* ViewController.m in Sources */,
				EA388AD61A68C24600F69C67 /* AppDelegate.m in Sources */,
				EA388AD31A68C24600F69C67 /* main.m in Sources */,
			);
			runOnlyForDeploymentPostprocessing = 0;
		};
		EA388AE21A68C24600F69C67 /* Sources */ = {
			isa = PBXSourcesBuildPhase;
			buildActionMask = 2147483647;
			files = (
				EA388AED1A68C24600F69C67 /* App_BaseTests.m in Sources */,
			);
			runOnlyForDeploymentPostprocessing = 0;
		};
/* End PBXSourcesBuildPhase section */

/* Begin PBXTargetDependency section */
		EA388AE81A68C24600F69C67 /* PBXTargetDependency */ = {
			isa = PBXTargetDependency;
			target = EA388ACC1A68C24600F69C67 /* App-Base */;
			targetProxy = EA388AE71A68C24600F69C67 /* PBXContainerItemProxy */;
		};
/* End PBXTargetDependency section */

/* Begin PBXVariantGroup section */
		EA388ADA1A68C24600F69C67 /* Main.storyboard */ = {
			isa = PBXVariantGroup;
			children = (
				EA388ADB1A68C24600F69C67 /* Base */,
			);
			name = Main.storyboard;
			sourceTree = "<group>";
		};
		EA388ADF1A68C24600F69C67 /* LaunchScreen.xib */ = {
			isa = PBXVariantGroup;
			children = (
				EA388AE01A68C24600F69C67 /* Base */,
			);
			name = LaunchScreen.xib;
			sourceTree = "<group>";
		};
/* End PBXVariantGroup section */

/* Begin XCBuildConfiguration section */
		EA388AEE1A68C24600F69C67 /* Debug */ = {
			isa = XCBuildConfiguration;
			buildSettings = {
				ALWAYS_SEARCH_USER_PATHS = NO;
				CLANG_CXX_LANGUAGE_STANDARD = "gnu++0x";
				CLANG_CXX_LIBRARY = "libc++";
				CLANG_ENABLE_MODULES = YES;
				CLANG_ENABLE_OBJC_ARC = YES;
				CLANG_WARN_BOOL_CONVERSION = YES;
				CLANG_WARN_CONSTANT_CONVERSION = YES;
				CLANG_WARN_DIRECT_OBJC_ISA_USAGE = YES_ERROR;
				CLANG_WARN_EMPTY_BODY = YES;
				CLANG_WARN_ENUM_CONVERSION = YES;
				CLANG_WARN_INT_CONVERSION = YES;
				CLANG_WARN_OBJC_ROOT_CLASS = YES_ERROR;
				CLANG_WARN_UNREACHABLE_CODE = YES;
				CLANG_WARN__DUPLICATE_METHOD_MATCH = YES;
				"CODE_SIGN_IDENTITY[sdk=iphoneos*]" = "iPhone Developer";
				COPY_PHASE_STRIP = NO;
				ENABLE_STRICT_OBJC_MSGSEND = YES;
				GCC_C_LANGUAGE_STANDARD = gnu99;
				GCC_DYNAMIC_NO_PIC = NO;
				GCC_OPTIMIZATION_LEVEL = 0;
				GCC_PREPROCESSOR_DEFINITIONS = (
					"DEBUG=1",
					"$(inherited)",
				);
				GCC_SYMBOLS_PRIVATE_EXTERN = NO;
				GCC_WARN_64_TO_32_BIT_CONVERSION = YES;
				GCC_WARN_ABOUT_RETURN_TYPE = YES_ERROR;
				GCC_WARN_UNDECLARED_SELECTOR = YES;
				GCC_WARN_UNINITIALIZED_AUTOS = YES_AGGRESSIVE;
				GCC_WARN_UNUSED_FUNCTION = YES;
				GCC_WARN_UNUSED_VARIABLE = YES;
				IPHONEOS_DEPLOYMENT_TARGET = 8.2;
				MTL_ENABLE_DEBUG_INFO = YES;
				ONLY_ACTIVE_ARCH = YES;
				SDKROOT = iphoneos;
				TARGETED_DEVICE_FAMILY = "1,2";
			};
			name = Debug;
		};
		EA388AEF1A68C24600F69C67 /* Release */ = {
			isa = XCBuildConfiguration;
			buildSettings = {
				ALWAYS_SEARCH_USER_PATHS = NO;
				CLANG_CXX_LANGUAGE_STANDARD = "gnu++0x";
				CLANG_CXX_LIBRARY = "libc++";
				CLANG_ENABLE_MODULES = YES;
				CLANG_ENABLE_OBJC_ARC = YES;
				CLANG_WARN_BOOL_CONVERSION = YES;
				CLANG_WARN_CONSTANT_CONVERSION = YES;
				CLANG_WARN_DIRECT_OBJC_ISA_USAGE = YES_ERROR;
				CLANG_WARN_EMPTY_BODY = YES;
				CLANG_WARN_ENUM_CONVERSION = YES;
				CLANG_WARN_INT_CONVERSION = YES;
				CLANG_WARN_OBJC_ROOT_CLASS = YES_ERROR;
				CLANG_WARN_UNREACHABLE_CODE = YES;
				CLANG_WARN__DUPLICATE_METHOD_MATCH = YES;
				"CODE_SIGN_IDENTITY[sdk=iphoneos*]" = "iPhone Developer";
				COPY_PHASE_STRIP = NO;
				ENABLE_NS_ASSERTIONS = NO;
				ENABLE_STRICT_OBJC_MSGSEND = YES;
				GCC_C_LANGUAGE_STANDARD = gnu99;
				GCC_WARN_64_TO_32_BIT_CONVERSION = YES;
				GCC_WARN_ABOUT_RETURN_TYPE = YES_ERROR;
				GCC_WARN_UNDECLARED_SELECTOR = YES;
				GCC_WARN_UNINITIALIZED_AUTOS = YES_AGGRESSIVE;
				GCC_WARN_UNUSED_FUNCTION = YES;
				GCC_WARN_UNUSED_VARIABLE = YES;
				IPHONEOS_DEPLOYMENT_TARGET = 8.2;
				MTL_ENABLE_DEBUG_INFO = NO;
				SDKROOT = iphoneos;
				TARGETED_DEVICE_FAMILY = "1,2";
				VALIDATE_PRODUCT = YES;
			};
			name = Release;
		};
		EA388AF11A68C24600F69C67 /* Debug */ = {
			isa = XCBuildConfiguration;
			buildSettings = {
				ASSETCATALOG_COMPILER_APPICON_NAME = AppIcon;
				INFOPLIST_FILE = "App-Base/Info.plist";
				LD_RUNPATH_SEARCH_PATHS = "$(inherited) @executable_path/Frameworks";
				PRODUCT_NAME = "$(TARGET_NAME)";
			};
			name = Debug;
		};
		EA388AF21A68C24600F69C67 /* Release */ = {
			isa = XCBuildConfiguration;
			buildSettings = {
				ASSETCATALOG_COMPILER_APPICON_NAME = AppIcon;
				INFOPLIST_FILE = "App-Base/Info.plist";
				LD_RUNPATH_SEARCH_PATHS = "$(inherited) @executable_path/Frameworks";
				PRODUCT_NAME = "$(TARGET_NAME)";
			};
			name = Release;
		};
		EA388AF41A68C24600F69C67 /* Debug */ = {
			isa = XCBuildConfiguration;
			buildSettings = {
				BUNDLE_LOADER = "$(TEST_HOST)";
				FRAMEWORK_SEARCH_PATHS = (
					"$(SDKROOT)/Developer/Library/Frameworks",
					"$(inherited)",
				);
				GCC_PREPROCESSOR_DEFINITIONS = (
					"DEBUG=1",
					"$(inherited)",
				);
				INFOPLIST_FILE = "App-BaseTests/Info.plist";
				LD_RUNPATH_SEARCH_PATHS = "$(inherited) @executable_path/Frameworks @loader_path/Frameworks";
				PRODUCT_NAME = "$(TARGET_NAME)";
				TEST_HOST = "$(BUILT_PRODUCTS_DIR)/App-Base.app/App-Base";
			};
			name = Debug;
		};
		EA388AF51A68C24600F69C67 /* Release */ = {
			isa = XCBuildConfiguration;
			buildSettings = {
				BUNDLE_LOADER = "$(TEST_HOST)";
				FRAMEWORK_SEARCH_PATHS = (
					"$(SDKROOT)/Developer/Library/Frameworks",
					"$(inherited)",
				);
				INFOPLIST_FILE = "App-BaseTests/Info.plist";
				LD_RUNPATH_SEARCH_PATHS = "$(inherited) @executable_path/Frameworks @loader_path/Frameworks";
				PRODUCT_NAME = "$(TARGET_NAME)";
				TEST_HOST = "$(BUILT_PRODUCTS_DIR)/App-Base.app/App-Base";
			};
			name = Release;
		};
/* End XCBuildConfiguration section */

/* Begin XCConfigurationList section */
		EA388AC81A68C24600F69C67 /* Build configuration list for PBXProject "App-Base" */ = {
			isa = XCConfigurationList;
			buildConfigurations = (
				EA388AEE1A68C24600F69C67 /* Debug */,
				EA388AEF1A68C24600F69C67 /* Release */,
			);
			defaultConfigurationIsVisible = 0;
			defaultConfigurationName = Release;
		};
		EA388AF01A68C24600F69C67 /* Build configuration list for PBXNativeTarget "App-Base" */ = {
			isa = XCConfigurationList;
			buildConfigurations = (
				EA388AF11A68C24600F69C67 /* Debug */,
				EA388AF21A68C24600F69C67 /* Release */,
			);
			defaultConfigurationIsVisible = 0;
		};
		EA388AF31A68C24600F69C67 /* Build configuration list for PBXNativeTarget "App-BaseTests" */ = {
			isa = XCConfigurationList;
			buildConfigurations = (
				EA388AF41A68C24600F69C67 /* Debug */,
				EA388AF51A68C24600F69C67 /* Release */,
			);
			defaultConfigurationIsVisible = 0;
		};
/* End XCConfigurationList section */
	};
	rootObject = EA388AC51A68C24600F69C67 /* Project object */;
}
